// !$*UTF8*$!
{
	archiveVersion = 1;
	classes = {
	};
	objectVersion = 56;
	objects = {

/* Begin PBXBuildFile section */
		848BA1ED2B0870CC00A54832 /* Factories.swift in Sources */ = {isa = PBXBuildFile; fileRef = 848BA1EC2B0870CC00A54832 /* Factories.swift */; };
		848BA1F02B08791500A54832 /* UIView+Extensions.swift in Sources */ = {isa = PBXBuildFile; fileRef = 848BA1EF2B08791500A54832 /* UIView+Extensions.swift */; };
		848BA1F42B08D2FA00A54832 /* OnBoardingContainerViewController.swift in Sources */ = {isa = PBXBuildFile; fileRef = 848BA1F32B08D2FA00A54832 /* OnBoardingContainerViewController.swift */; };
		848BA1F62B09009C00A54832 /* OnBoardingViewController.swift in Sources */ = {isa = PBXBuildFile; fileRef = 848BA1F52B09009C00A54832 /* OnBoardingViewController.swift */; };
		848BA1F92B09189800A54832 /* DummyViewController.swift in Sources */ = {isa = PBXBuildFile; fileRef = 848BA1F82B09189800A54832 /* DummyViewController.swift */; };
		848BA1FB2B091CA300A54832 /* LocalState.swift in Sources */ = {isa = PBXBuildFile; fileRef = 848BA1FA2B091CA300A54832 /* LocalState.swift */; };
		84A08D322B048E5600992F9E /* AppDelegate.swift in Sources */ = {isa = PBXBuildFile; fileRef = 84A08D312B048E5600992F9E /* AppDelegate.swift */; };
		84A08D362B048E5600992F9E /* LoginViewController.swift in Sources */ = {isa = PBXBuildFile; fileRef = 84A08D352B048E5600992F9E /* LoginViewController.swift */; };
		84A08D3B2B048E5900992F9E /* Assets.xcassets in Resources */ = {isa = PBXBuildFile; fileRef = 84A08D3A2B048E5900992F9E /* Assets.xcassets */; };
		84A08D3E2B048E5900992F9E /* LaunchScreen.storyboard in Resources */ = {isa = PBXBuildFile; fileRef = 84A08D3C2B048E5900992F9E /* LaunchScreen.storyboard */; };
		84A08D482B04927200992F9E /* LoginView.swift in Sources */ = {isa = PBXBuildFile; fileRef = 84A08D472B04927200992F9E /* LoginView.swift */; };
/* End PBXBuildFile section */

/* Begin PBXFileReference section */
		848BA1EC2B0870CC00A54832 /* Factories.swift */ = {isa = PBXFileReference; lastKnownFileType = sourcecode.swift; path = Factories.swift; sourceTree = "<group>"; };
		848BA1EF2B08791500A54832 /* UIView+Extensions.swift */ = {isa = PBXFileReference; lastKnownFileType = sourcecode.swift; path = "UIView+Extensions.swift"; sourceTree = "<group>"; };
		848BA1F32B08D2FA00A54832 /* OnBoardingContainerViewController.swift */ = {isa = PBXFileReference; lastKnownFileType = sourcecode.swift; path = OnBoardingContainerViewController.swift; sourceTree = "<group>"; };
		848BA1F52B09009C00A54832 /* OnBoardingViewController.swift */ = {isa = PBXFileReference; lastKnownFileType = sourcecode.swift; path = OnBoardingViewController.swift; sourceTree = "<group>"; };
		848BA1F82B09189800A54832 /* DummyViewController.swift */ = {isa = PBXFileReference; lastKnownFileType = sourcecode.swift; path = DummyViewController.swift; sourceTree = "<group>"; };
		848BA1FA2B091CA300A54832 /* LocalState.swift */ = {isa = PBXFileReference; lastKnownFileType = sourcecode.swift; path = LocalState.swift; sourceTree = "<group>"; };
		84A08D2E2B048E5600992F9E /* Bankey.app */ = {isa = PBXFileReference; explicitFileType = wrapper.application; includeInIndex = 0; path = Bankey.app; sourceTree = BUILT_PRODUCTS_DIR; };
		84A08D312B048E5600992F9E /* AppDelegate.swift */ = {isa = PBXFileReference; lastKnownFileType = sourcecode.swift; path = AppDelegate.swift; sourceTree = "<group>"; };
		84A08D352B048E5600992F9E /* LoginViewController.swift */ = {isa = PBXFileReference; lastKnownFileType = sourcecode.swift; path = LoginViewController.swift; sourceTree = "<group>"; };
		84A08D3A2B048E5900992F9E /* Assets.xcassets */ = {isa = PBXFileReference; lastKnownFileType = folder.assetcatalog; path = Assets.xcassets; sourceTree = "<group>"; };
		84A08D3D2B048E5900992F9E /* Base */ = {isa = PBXFileReference; lastKnownFileType = file.storyboard; name = Base; path = Base.lproj/LaunchScreen.storyboard; sourceTree = "<group>"; };
		84A08D3F2B048E5900992F9E /* Info.plist */ = {isa = PBXFileReference; lastKnownFileType = text.plist.xml; path = Info.plist; sourceTree = "<group>"; };
		84A08D472B04927200992F9E /* LoginView.swift */ = {isa = PBXFileReference; lastKnownFileType = sourcecode.swift; path = LoginView.swift; sourceTree = "<group>"; };
/* End PBXFileReference section */

/* Begin PBXFrameworksBuildPhase section */
		84A08D2B2B048E5600992F9E /* Frameworks */ = {
			isa = PBXFrameworksBuildPhase;
			buildActionMask = 2147483647;
			files = (
			);
			runOnlyForDeploymentPostprocessing = 0;
		};
/* End PBXFrameworksBuildPhase section */

/* Begin PBXGroup section */
		848BA1EB2B0870B600A54832 /* Utils */ = {
			isa = PBXGroup;
			children = (
				848BA1EC2B0870CC00A54832 /* Factories.swift */,
				848BA1FA2B091CA300A54832 /* LocalState.swift */,
			);
			name = Utils;
			sourceTree = "<group>";
		};
		848BA1EE2B0878FB00A54832 /* Extensions */ = {
			isa = PBXGroup;
			children = (
				848BA1EF2B08791500A54832 /* UIView+Extensions.swift */,
			);
			name = Extensions;
			sourceTree = "<group>";
		};
		848BA1F12B08D2D600A54832 /* Login */ = {
			isa = PBXGroup;
			children = (
				84A08D352B048E5600992F9E /* LoginViewController.swift */,
				84A08D472B04927200992F9E /* LoginView.swift */,
			);
			name = Login;
			sourceTree = "<group>";
		};
		848BA1F22B08D2DF00A54832 /* OnBoarding */ = {
			isa = PBXGroup;
			children = (
				848BA1F32B08D2FA00A54832 /* OnBoardingContainerViewController.swift */,
				848BA1F52B09009C00A54832 /* OnBoardingViewController.swift */,
			);
			name = OnBoarding;
			sourceTree = "<group>";
		};
		848BA1F72B09188900A54832 /* Dummy */ = {
			isa = PBXGroup;
			children = (
				848BA1F82B09189800A54832 /* DummyViewController.swift */,
			);
			name = Dummy;
			sourceTree = "<group>";
		};
		84A08D252B048E5600992F9E = {
			isa = PBXGroup;
			children = (
				84A08D302B048E5600992F9E /* Bankey */,
				84A08D2F2B048E5600992F9E /* Products */,
			);
			sourceTree = "<group>";
		};
		84A08D2F2B048E5600992F9E /* Products */ = {
			isa = PBXGroup;
			children = (
				84A08D2E2B048E5600992F9E /* Bankey.app */,
			);
			name = Products;
			sourceTree = "<group>";
		};
		84A08D302B048E5600992F9E /* Bankey */ = {
			isa = PBXGroup;
			children = (
				848BA1EE2B0878FB00A54832 /* Extensions */,
				848BA1EB2B0870B600A54832 /* Utils */,
				84A08D462B0491FF00992F9E /* ViewControllers */,
				84A08D452B0491D500992F9E /* Files */,
				84A08D312B048E5600992F9E /* AppDelegate.swift */,
			);
			path = Bankey;
			sourceTree = "<group>";
		};
		84A08D452B0491D500992F9E /* Files */ = {
			isa = PBXGroup;
			children = (
				84A08D3A2B048E5900992F9E /* Assets.xcassets */,
				84A08D3C2B048E5900992F9E /* LaunchScreen.storyboard */,
				84A08D3F2B048E5900992F9E /* Info.plist */,
			);
			name = Files;
			sourceTree = "<group>";
		};
		84A08D462B0491FF00992F9E /* ViewControllers */ = {
			isa = PBXGroup;
			children = (
				848BA1F72B09188900A54832 /* Dummy */,
				848BA1F22B08D2DF00A54832 /* OnBoarding */,
				848BA1F12B08D2D600A54832 /* Login */,
			);
			name = ViewControllers;
			sourceTree = "<group>";
		};
/* End PBXGroup section */

/* Begin PBXNativeTarget section */
		84A08D2D2B048E5600992F9E /* Bankey */ = {
			isa = PBXNativeTarget;
			buildConfigurationList = 84A08D422B048E5900992F9E /* Build configuration list for PBXNativeTarget "Bankey" */;
			buildPhases = (
				84A08D2A2B048E5600992F9E /* Sources */,
				84A08D2B2B048E5600992F9E /* Frameworks */,
				84A08D2C2B048E5600992F9E /* Resources */,
			);
			buildRules = (
			);
			dependencies = (
			);
			name = Bankey;
			productName = Bankey;
			productReference = 84A08D2E2B048E5600992F9E /* Bankey.app */;
			productType = "com.apple.product-type.application";
		};
/* End PBXNativeTarget section */

/* Begin PBXProject section */
		84A08D262B048E5600992F9E /* Project object */ = {
			isa = PBXProject;
			attributes = {
				BuildIndependentTargetsInParallel = 1;
				LastSwiftUpdateCheck = 1500;
				LastUpgradeCheck = 1500;
				TargetAttributes = {
					84A08D2D2B048E5600992F9E = {
						CreatedOnToolsVersion = 15.0.1;
					};
				};
			};
			buildConfigurationList = 84A08D292B048E5600992F9E /* Build configuration list for PBXProject "Bankey" */;
			compatibilityVersion = "Xcode 14.0";
			developmentRegion = en;
			hasScannedForEncodings = 0;
			knownRegions = (
				en,
				Base,
			);
			mainGroup = 84A08D252B048E5600992F9E;
			productRefGroup = 84A08D2F2B048E5600992F9E /* Products */;
			projectDirPath = "";
			projectRoot = "";
			targets = (
				84A08D2D2B048E5600992F9E /* Bankey */,
			);
		};
/* End PBXProject section */

/* Begin PBXResourcesBuildPhase section */
		84A08D2C2B048E5600992F9E /* Resources */ = {
			isa = PBXResourcesBuildPhase;
			buildActionMask = 2147483647;
			files = (
				84A08D3E2B048E5900992F9E /* LaunchScreen.storyboard in Resources */,
				84A08D3B2B048E5900992F9E /* Assets.xcassets in Resources */,
			);
			runOnlyForDeploymentPostprocessing = 0;
		};
/* End PBXResourcesBuildPhase section */

/* Begin PBXSourcesBuildPhase section */
		84A08D2A2B048E5600992F9E /* Sources */ = {
			isa = PBXSourcesBuildPhase;
			buildActionMask = 2147483647;
			files = (
				84A08D482B04927200992F9E /* LoginView.swift in Sources */,
				848BA1FB2B091CA300A54832 /* LocalState.swift in Sources */,
				84A08D362B048E5600992F9E /* LoginViewController.swift in Sources */,
				848BA1F62B09009C00A54832 /* OnBoardingViewController.swift in Sources */,
				848BA1F02B08791500A54832 /* UIView+Extensions.swift in Sources */,
				848BA1F42B08D2FA00A54832 /* OnBoardingContainerViewController.swift in Sources */,
				848BA1ED2B0870CC00A54832 /* Factories.swift in Sources */,
				84A08D322B048E5600992F9E /* AppDelegate.swift in Sources */,
				848BA1F92B09189800A54832 /* DummyViewController.swift in Sources */,
			);
			runOnlyForDeploymentPostprocessing = 0;
		};
/* End PBXSourcesBuildPhase section */

/* Begin PBXVariantGroup section */
		84A08D3C2B048E5900992F9E /* LaunchScreen.storyboard */ = {
			isa = PBXVariantGroup;
			children = (
				84A08D3D2B048E5900992F9E /* Base */,
			);
			name = LaunchScreen.storyboard;
			sourceTree = "<group>";
		};
/* End PBXVariantGroup section */

/* Begin XCBuildConfiguration section */
		84A08D402B048E5900992F9E /* Debug */ = {
			isa = XCBuildConfiguration;
			buildSettings = {
				ALWAYS_SEARCH_USER_PATHS = NO;
				ASSETCATALOG_COMPILER_GENERATE_SWIFT_ASSET_SYMBOL_EXTENSIONS = YES;
				CLANG_ANALYZER_NONNULL = YES;
				CLANG_ANALYZER_NUMBER_OBJECT_CONVERSION = YES_AGGRESSIVE;
				CLANG_CXX_LANGUAGE_STANDARD = "gnu++20";
				CLANG_ENABLE_MODULES = YES;
				CLANG_ENABLE_OBJC_ARC = YES;
				CLANG_ENABLE_OBJC_WEAK = YES;
				CLANG_WARN_BLOCK_CAPTURE_AUTORELEASING = YES;
				CLANG_WARN_BOOL_CONVERSION = YES;
				CLANG_WARN_COMMA = YES;
				CLANG_WARN_CONSTANT_CONVERSION = YES;
				CLANG_WARN_DEPRECATED_OBJC_IMPLEMENTATIONS = YES;
				CLANG_WARN_DIRECT_OBJC_ISA_USAGE = YES_ERROR;
				CLANG_WARN_DOCUMENTATION_COMMENTS = YES;
				CLANG_WARN_EMPTY_BODY = YES;
				CLANG_WARN_ENUM_CONVERSION = YES;
				CLANG_WARN_INFINITE_RECURSION = YES;
				CLANG_WARN_INT_CONVERSION = YES;
				CLANG_WARN_NON_LITERAL_NULL_CONVERSION = YES;
				CLANG_WARN_OBJC_IMPLICIT_RETAIN_SELF = YES;
				CLANG_WARN_OBJC_LITERAL_CONVERSION = YES;
				CLANG_WARN_OBJC_ROOT_CLASS = YES_ERROR;
				CLANG_WARN_QUOTED_INCLUDE_IN_FRAMEWORK_HEADER = YES;
				CLANG_WARN_RANGE_LOOP_ANALYSIS = YES;
				CLANG_WARN_STRICT_PROTOTYPES = YES;
				CLANG_WARN_SUSPICIOUS_MOVE = YES;
				CLANG_WARN_UNGUARDED_AVAILABILITY = YES_AGGRESSIVE;
				CLANG_WARN_UNREACHABLE_CODE = YES;
				CLANG_WARN__DUPLICATE_METHOD_MATCH = YES;
				COPY_PHASE_STRIP = NO;
				DEBUG_INFORMATION_FORMAT = dwarf;
				ENABLE_STRICT_OBJC_MSGSEND = YES;
				ENABLE_TESTABILITY = YES;
				ENABLE_USER_SCRIPT_SANDBOXING = YES;
				GCC_C_LANGUAGE_STANDARD = gnu17;
				GCC_DYNAMIC_NO_PIC = NO;
				GCC_NO_COMMON_BLOCKS = YES;
				GCC_OPTIMIZATION_LEVEL = 0;
				GCC_PREPROCESSOR_DEFINITIONS = (
					"DEBUG=1",
					"$(inherited)",
				);
				GCC_WARN_64_TO_32_BIT_CONVERSION = YES;
				GCC_WARN_ABOUT_RETURN_TYPE = YES_ERROR;
				GCC_WARN_UNDECLARED_SELECTOR = YES;
				GCC_WARN_UNINITIALIZED_AUTOS = YES_AGGRESSIVE;
				GCC_WARN_UNUSED_FUNCTION = YES;
				GCC_WARN_UNUSED_VARIABLE = YES;
				IPHONEOS_DEPLOYMENT_TARGET = 15.6;
				LOCALIZATION_PREFERS_STRING_CATALOGS = YES;
				MTL_ENABLE_DEBUG_INFO = INCLUDE_SOURCE;
				MTL_FAST_MATH = YES;
				ONLY_ACTIVE_ARCH = YES;
				SDKROOT = iphoneos;
				SWIFT_ACTIVE_COMPILATION_CONDITIONS = "DEBUG $(inherited)";
				SWIFT_OPTIMIZATION_LEVEL = "-Onone";
			};
			name = Debug;
		};
		84A08D412B048E5900992F9E /* Release */ = {
			isa = XCBuildConfiguration;
			buildSettings = {
				ALWAYS_SEARCH_USER_PATHS = NO;
				ASSETCATALOG_COMPILER_GENERATE_SWIFT_ASSET_SYMBOL_EXTENSIONS = YES;
				CLANG_ANALYZER_NONNULL = YES;
				CLANG_ANALYZER_NUMBER_OBJECT_CONVERSION = YES_AGGRESSIVE;
				CLANG_CXX_LANGUAGE_STANDARD = "gnu++20";
				CLANG_ENABLE_MODULES = YES;
				CLANG_ENABLE_OBJC_ARC = YES;
				CLANG_ENABLE_OBJC_WEAK = YES;
				CLANG_WARN_BLOCK_CAPTURE_AUTORELEASING = YES;
				CLANG_WARN_BOOL_CONVERSION = YES;
				CLANG_WARN_COMMA = YES;
				CLANG_WARN_CONSTANT_CONVERSION = YES;
				CLANG_WARN_DEPRECATED_OBJC_IMPLEMENTATIONS = YES;
				CLANG_WARN_DIRECT_OBJC_ISA_USAGE = YES_ERROR;
				CLANG_WARN_DOCUMENTATION_COMMENTS = YES;
				CLANG_WARN_EMPTY_BODY = YES;
				CLANG_WARN_ENUM_CONVERSION = YES;
				CLANG_WARN_INFINITE_RECURSION = YES;
				CLANG_WARN_INT_CONVERSION = YES;
				CLANG_WARN_NON_LITERAL_NULL_CONVERSION = YES;
				CLANG_WARN_OBJC_IMPLICIT_RETAIN_SELF = YES;
				CLANG_WARN_OBJC_LITERAL_CONVERSION = YES;
				CLANG_WARN_OBJC_ROOT_CLASS = YES_ERROR;
				CLANG_WARN_QUOTED_INCLUDE_IN_FRAMEWORK_HEADER = YES;
				CLANG_WARN_RANGE_LOOP_ANALYSIS = YES;
				CLANG_WARN_STRICT_PROTOTYPES = YES;
				CLANG_WARN_SUSPICIOUS_MOVE = YES;
				CLANG_WARN_UNGUARDED_AVAILABILITY = YES_AGGRESSIVE;
				CLANG_WARN_UNREACHABLE_CODE = YES;
				CLANG_WARN__DUPLICATE_METHOD_MATCH = YES;
				COPY_PHASE_STRIP = NO;
				DEBUG_INFORMATION_FORMAT = "dwarf-with-dsym";
				ENABLE_NS_ASSERTIONS = NO;
				ENABLE_STRICT_OBJC_MSGSEND = YES;
				ENABLE_USER_SCRIPT_SANDBOXING = YES;
				GCC_C_LANGUAGE_STANDARD = gnu17;
				GCC_NO_COMMON_BLOCKS = YES;
				GCC_WARN_64_TO_32_BIT_CONVERSION = YES;
				GCC_WARN_ABOUT_RETURN_TYPE = YES_ERROR;
				GCC_WARN_UNDECLARED_SELECTOR = YES;
				GCC_WARN_UNINITIALIZED_AUTOS = YES_AGGRESSIVE;
				GCC_WARN_UNUSED_FUNCTION = YES;
				GCC_WARN_UNUSED_VARIABLE = YES;
				IPHONEOS_DEPLOYMENT_TARGET = 15.6;
				LOCALIZATION_PREFERS_STRING_CATALOGS = YES;
				MTL_ENABLE_DEBUG_INFO = NO;
				MTL_FAST_MATH = YES;
				SDKROOT = iphoneos;
				SWIFT_COMPILATION_MODE = wholemodule;
				VALIDATE_PRODUCT = YES;
			};
			name = Release;
		};
		84A08D432B048E5900992F9E /* Debug */ = {
			isa = XCBuildConfiguration;
			buildSettings = {
				ASSETCATALOG_COMPILER_APPICON_NAME = AppIcon;
				ASSETCATALOG_COMPILER_GLOBAL_ACCENT_COLOR_NAME = AccentColor;
				CODE_SIGN_STYLE = Automatic;
				CURRENT_PROJECT_VERSION = 1;
				DEVELOPMENT_TEAM = 548SPFR25M;
				GENERATE_INFOPLIST_FILE = YES;
				INFOPLIST_FILE = Bankey/Info.plist;
				INFOPLIST_KEY_UIApplicationSupportsIndirectInputEvents = YES;
				INFOPLIST_KEY_UILaunchStoryboardName = LaunchScreen;
				INFOPLIST_KEY_UISupportedInterfaceOrientations_iPad = "UIInterfaceOrientationPortrait UIInterfaceOrientationPortraitUpsideDown UIInterfaceOrientationLandscapeLeft UIInterfaceOrientationLandscapeRight";
				INFOPLIST_KEY_UISupportedInterfaceOrientations_iPhone = "UIInterfaceOrientationPortrait UIInterfaceOrientationLandscapeLeft UIInterfaceOrientationLandscapeRight";
				IPHONEOS_DEPLOYMENT_TARGET = 15.6;
				LD_RUNPATH_SEARCH_PATHS = (
					"$(inherited)",
					"@executable_path/Frameworks",
				);
				MARKETING_VERSION = 1.0;
				PRODUCT_BUNDLE_IDENTIFIER = com.nopa.bankey.Bankey;
				PRODUCT_NAME = "$(TARGET_NAME)";
				SWIFT_EMIT_LOC_STRINGS = YES;
				SWIFT_VERSION = 5.0;
				TARGETED_DEVICE_FAMILY = "1,2";
			};
			name = Debug;
		};
		84A08D442B048E5900992F9E /* Release */ = {
			isa = XCBuildConfiguration;
			buildSettings = {
				ASSETCATALOG_COMPILER_APPICON_NAME = AppIcon;
				ASSETCATALOG_COMPILER_GLOBAL_ACCENT_COLOR_NAME = AccentColor;
				CODE_SIGN_STYLE = Automatic;
				CURRENT_PROJECT_VERSION = 1;
				DEVELOPMENT_TEAM = 548SPFR25M;
				GENERATE_INFOPLIST_FILE = YES;
				INFOPLIST_FILE = Bankey/Info.plist;
				INFOPLIST_KEY_UIApplicationSupportsIndirectInputEvents = YES;
				INFOPLIST_KEY_UILaunchStoryboardName = LaunchScreen;
				INFOPLIST_KEY_UISupportedInterfaceOrientations_iPad = "UIInterfaceOrientationPortrait UIInterfaceOrientationPortraitUpsideDown UIInterfaceOrientationLandscapeLeft UIInterfaceOrientationLandscapeRight";
				INFOPLIST_KEY_UISupportedInterfaceOrientations_iPhone = "UIInterfaceOrientationPortrait UIInterfaceOrientationLandscapeLeft UIInterfaceOrientationLandscapeRight";
				IPHONEOS_DEPLOYMENT_TARGET = 15.6;
				LD_RUNPATH_SEARCH_PATHS = (
					"$(inherited)",
					"@executable_path/Frameworks",
				);
				MARKETING_VERSION = 1.0;
				PRODUCT_BUNDLE_IDENTIFIER = com.nopa.bankey.Bankey;
				PRODUCT_NAME = "$(TARGET_NAME)";
				SWIFT_EMIT_LOC_STRINGS = YES;
				SWIFT_VERSION = 5.0;
				TARGETED_DEVICE_FAMILY = "1,2";
			};
			name = Release;
		};
/* End XCBuildConfiguration section */

/* Begin XCConfigurationList section */
		84A08D292B048E5600992F9E /* Build configuration list for PBXProject "Bankey" */ = {
			isa = XCConfigurationList;
			buildConfigurations = (
				84A08D402B048E5900992F9E /* Debug */,
				84A08D412B048E5900992F9E /* Release */,
			);
			defaultConfigurationIsVisible = 0;
			defaultConfigurationName = Release;
		};
		84A08D422B048E5900992F9E /* Build configuration list for PBXNativeTarget "Bankey" */ = {
			isa = XCConfigurationList;
			buildConfigurations = (
				84A08D432B048E5900992F9E /* Debug */,
				84A08D442B048E5900992F9E /* Release */,
			);
			defaultConfigurationIsVisible = 0;
			defaultConfigurationName = Release;
		};
/* End XCConfigurationList section */
	};
	rootObject = 84A08D262B048E5600992F9E /* Project object */;
}
