// !$*UTF8*$!
{
	archiveVersion = 1;
	classes = {
	};
	objectVersion = 56;
	objects = {

/* Begin PBXBuildFile section */
		842019112B1C4C6F007A8C9C /* Date+Extensions.swift in Sources */ = {isa = PBXBuildFile; fileRef = 842019102B1C4C6F007A8C9C /* Date+Extensions.swift */; };
		842019132B1C4D5B007A8C9C /* AccountSummaryViewController+Networking.swift in Sources */ = {isa = PBXBuildFile; fileRef = 842019122B1C4D5B007A8C9C /* AccountSummaryViewController+Networking.swift */; };
		843949992B1D990E00F2C59B /* ProfileTests.swift in Sources */ = {isa = PBXBuildFile; fileRef = 843949982B1D990E00F2C59B /* ProfileTests.swift */; };
		8439499B2B1D9B5C00F2C59B /* AccountTests.swift in Sources */ = {isa = PBXBuildFile; fileRef = 8439499A2B1D9B5C00F2C59B /* AccountTests.swift */; };
		848BA1ED2B0870CC00A54832 /* Factories.swift in Sources */ = {isa = PBXBuildFile; fileRef = 848BA1EC2B0870CC00A54832 /* Factories.swift */; };
		848BA1F02B08791500A54832 /* UIView+Extensions.swift in Sources */ = {isa = PBXBuildFile; fileRef = 848BA1EF2B08791500A54832 /* UIView+Extensions.swift */; };
		848BA1F42B08D2FA00A54832 /* OnBoardingContainerViewController.swift in Sources */ = {isa = PBXBuildFile; fileRef = 848BA1F32B08D2FA00A54832 /* OnBoardingContainerViewController.swift */; };
		848BA1F62B09009C00A54832 /* OnBoardingViewController.swift in Sources */ = {isa = PBXBuildFile; fileRef = 848BA1F52B09009C00A54832 /* OnBoardingViewController.swift */; };
		848BA1FB2B091CA300A54832 /* LocalState.swift in Sources */ = {isa = PBXBuildFile; fileRef = 848BA1FA2B091CA300A54832 /* LocalState.swift */; };
		848BA1FD2B09246B00A54832 /* ThemeColor.swift in Sources */ = {isa = PBXBuildFile; fileRef = 848BA1FC2B09246B00A54832 /* ThemeColor.swift */; };
		848BA1FF2B09BF0D00A54832 /* UIViewController+Extensions.swift in Sources */ = {isa = PBXBuildFile; fileRef = 848BA1FE2B09BF0D00A54832 /* UIViewController+Extensions.swift */; };
		848BA2012B09C0C500A54832 /* MainViewController.swift in Sources */ = {isa = PBXBuildFile; fileRef = 848BA2002B09C0C500A54832 /* MainViewController.swift */; };
		848BA2042B09C9ED00A54832 /* AccountSummaryViewController.swift in Sources */ = {isa = PBXBuildFile; fileRef = 848BA2032B09C9ED00A54832 /* AccountSummaryViewController.swift */; };
		848BA2062B09CE2100A54832 /* AccountSummaryHeaderView.swift in Sources */ = {isa = PBXBuildFile; fileRef = 848BA2052B09CE2100A54832 /* AccountSummaryHeaderView.swift */; };
		848BA2082B09CE3B00A54832 /* AccountSummaryHeaderView.xib in Resources */ = {isa = PBXBuildFile; fileRef = 848BA2072B09CE3B00A54832 /* AccountSummaryHeaderView.xib */; };
		84A08D322B048E5600992F9E /* AppDelegate.swift in Sources */ = {isa = PBXBuildFile; fileRef = 84A08D312B048E5600992F9E /* AppDelegate.swift */; };
		84A08D362B048E5600992F9E /* LoginViewController.swift in Sources */ = {isa = PBXBuildFile; fileRef = 84A08D352B048E5600992F9E /* LoginViewController.swift */; };
		84A08D3B2B048E5900992F9E /* Assets.xcassets in Resources */ = {isa = PBXBuildFile; fileRef = 84A08D3A2B048E5900992F9E /* Assets.xcassets */; };
		84A08D3E2B048E5900992F9E /* LaunchScreen.storyboard in Resources */ = {isa = PBXBuildFile; fileRef = 84A08D3C2B048E5900992F9E /* LaunchScreen.storyboard */; };
		84A08D482B04927200992F9E /* LoginView.swift in Sources */ = {isa = PBXBuildFile; fileRef = 84A08D472B04927200992F9E /* LoginView.swift */; };
		84CE6A422B0C60E2006B6806 /* CurrencyFormatterTests.swift in Sources */ = {isa = PBXBuildFile; fileRef = 84CE6A412B0C60E2006B6806 /* CurrencyFormatterTests.swift */; };
		84CE6A442B0C693D006B6806 /* NSNotificationName.swift in Sources */ = {isa = PBXBuildFile; fileRef = 84CE6A432B0C693D006B6806 /* NSNotificationName.swift */; };
		84CE6A462B0C6C82006B6806 /* UITextField+SecureToggle.swift in Sources */ = {isa = PBXBuildFile; fileRef = 84CE6A452B0C6C82006B6806 /* UITextField+SecureToggle.swift */; };
		84CE6A492B0C781D006B6806 /* ShakeyBellView.swift in Sources */ = {isa = PBXBuildFile; fileRef = 84CE6A482B0C781D006B6806 /* ShakeyBellView.swift */; };
		84D71A8D2B0B181800FE27DD /* AccountSummaryCell.swift in Sources */ = {isa = PBXBuildFile; fileRef = 84D71A8C2B0B181800FE27DD /* AccountSummaryCell.swift */; };
		84D71A8F2B0B297000FE27DD /* Decimal+Extensions.swift in Sources */ = {isa = PBXBuildFile; fileRef = 84D71A8E2B0B297000FE27DD /* Decimal+Extensions.swift */; };
		84D71A912B0B29E000FE27DD /* CurrencyFormatter.swift in Sources */ = {isa = PBXBuildFile; fileRef = 84D71A902B0B29E000FE27DD /* CurrencyFormatter.swift */; };
/* End PBXBuildFile section */

/* Begin PBXContainerItemProxy section */
		84CE6A3C2B0C5FC0006B6806 /* PBXContainerItemProxy */ = {
			isa = PBXContainerItemProxy;
			containerPortal = 84A08D262B048E5600992F9E /* Project object */;
			proxyType = 1;
			remoteGlobalIDString = 84A08D2D2B048E5600992F9E;
			remoteInfo = Bankey;
		};
/* End PBXContainerItemProxy section */

/* Begin PBXFileReference section */
		842019102B1C4C6F007A8C9C /* Date+Extensions.swift */ = {isa = PBXFileReference; lastKnownFileType = sourcecode.swift; path = "Date+Extensions.swift"; sourceTree = "<group>"; };
		842019122B1C4D5B007A8C9C /* AccountSummaryViewController+Networking.swift */ = {isa = PBXFileReference; lastKnownFileType = sourcecode.swift; path = "AccountSummaryViewController+Networking.swift"; sourceTree = "<group>"; };
		843949982B1D990E00F2C59B /* ProfileTests.swift */ = {isa = PBXFileReference; lastKnownFileType = sourcecode.swift; path = ProfileTests.swift; sourceTree = "<group>"; };
		8439499A2B1D9B5C00F2C59B /* AccountTests.swift */ = {isa = PBXFileReference; lastKnownFileType = sourcecode.swift; path = AccountTests.swift; sourceTree = "<group>"; };
		848BA1EC2B0870CC00A54832 /* Factories.swift */ = {isa = PBXFileReference; lastKnownFileType = sourcecode.swift; path = Factories.swift; sourceTree = "<group>"; };
		848BA1EF2B08791500A54832 /* UIView+Extensions.swift */ = {isa = PBXFileReference; lastKnownFileType = sourcecode.swift; path = "UIView+Extensions.swift"; sourceTree = "<group>"; };
		848BA1F32B08D2FA00A54832 /* OnBoardingContainerViewController.swift */ = {isa = PBXFileReference; lastKnownFileType = sourcecode.swift; path = OnBoardingContainerViewController.swift; sourceTree = "<group>"; };
		848BA1F52B09009C00A54832 /* OnBoardingViewController.swift */ = {isa = PBXFileReference; lastKnownFileType = sourcecode.swift; path = OnBoardingViewController.swift; sourceTree = "<group>"; };
		848BA1FA2B091CA300A54832 /* LocalState.swift */ = {isa = PBXFileReference; lastKnownFileType = sourcecode.swift; path = LocalState.swift; sourceTree = "<group>"; };
		848BA1FC2B09246B00A54832 /* ThemeColor.swift */ = {isa = PBXFileReference; lastKnownFileType = sourcecode.swift; path = ThemeColor.swift; sourceTree = "<group>"; };
		848BA1FE2B09BF0D00A54832 /* UIViewController+Extensions.swift */ = {isa = PBXFileReference; lastKnownFileType = sourcecode.swift; path = "UIViewController+Extensions.swift"; sourceTree = "<group>"; };
		848BA2002B09C0C500A54832 /* MainViewController.swift */ = {isa = PBXFileReference; lastKnownFileType = sourcecode.swift; path = MainViewController.swift; sourceTree = "<group>"; };
		848BA2032B09C9ED00A54832 /* AccountSummaryViewController.swift */ = {isa = PBXFileReference; lastKnownFileType = sourcecode.swift; path = AccountSummaryViewController.swift; sourceTree = "<group>"; };
		848BA2052B09CE2100A54832 /* AccountSummaryHeaderView.swift */ = {isa = PBXFileReference; lastKnownFileType = sourcecode.swift; path = AccountSummaryHeaderView.swift; sourceTree = "<group>"; };
		848BA2072B09CE3B00A54832 /* AccountSummaryHeaderView.xib */ = {isa = PBXFileReference; lastKnownFileType = file.xib; path = AccountSummaryHeaderView.xib; sourceTree = "<group>"; };
		84A08D2E2B048E5600992F9E /* Bankey.app */ = {isa = PBXFileReference; explicitFileType = wrapper.application; includeInIndex = 0; path = Bankey.app; sourceTree = BUILT_PRODUCTS_DIR; };
		84A08D312B048E5600992F9E /* AppDelegate.swift */ = {isa = PBXFileReference; lastKnownFileType = sourcecode.swift; path = AppDelegate.swift; sourceTree = "<group>"; };
		84A08D352B048E5600992F9E /* LoginViewController.swift */ = {isa = PBXFileReference; lastKnownFileType = sourcecode.swift; path = LoginViewController.swift; sourceTree = "<group>"; };
		84A08D3A2B048E5900992F9E /* Assets.xcassets */ = {isa = PBXFileReference; lastKnownFileType = folder.assetcatalog; path = Assets.xcassets; sourceTree = "<group>"; };
		84A08D3D2B048E5900992F9E /* Base */ = {isa = PBXFileReference; lastKnownFileType = file.storyboard; name = Base; path = Base.lproj/LaunchScreen.storyboard; sourceTree = "<group>"; };
		84A08D3F2B048E5900992F9E /* Info.plist */ = {isa = PBXFileReference; lastKnownFileType = text.plist.xml; path = Info.plist; sourceTree = "<group>"; };
		84A08D472B04927200992F9E /* LoginView.swift */ = {isa = PBXFileReference; lastKnownFileType = sourcecode.swift; path = LoginView.swift; sourceTree = "<group>"; };
		84CE6A382B0C5FC0006B6806 /* BankeyUnitTests.xctest */ = {isa = PBXFileReference; explicitFileType = wrapper.cfbundle; includeInIndex = 0; path = BankeyUnitTests.xctest; sourceTree = BUILT_PRODUCTS_DIR; };
		84CE6A412B0C60E2006B6806 /* CurrencyFormatterTests.swift */ = {isa = PBXFileReference; lastKnownFileType = sourcecode.swift; path = CurrencyFormatterTests.swift; sourceTree = "<group>"; };
		84CE6A432B0C693D006B6806 /* NSNotificationName.swift */ = {isa = PBXFileReference; lastKnownFileType = sourcecode.swift; path = NSNotificationName.swift; sourceTree = "<group>"; };
		84CE6A452B0C6C82006B6806 /* UITextField+SecureToggle.swift */ = {isa = PBXFileReference; lastKnownFileType = sourcecode.swift; path = "UITextField+SecureToggle.swift"; sourceTree = "<group>"; };
		84CE6A482B0C781D006B6806 /* ShakeyBellView.swift */ = {isa = PBXFileReference; lastKnownFileType = sourcecode.swift; path = ShakeyBellView.swift; sourceTree = "<group>"; };
		84D71A8C2B0B181800FE27DD /* AccountSummaryCell.swift */ = {isa = PBXFileReference; lastKnownFileType = sourcecode.swift; path = AccountSummaryCell.swift; sourceTree = "<group>"; };
		84D71A8E2B0B297000FE27DD /* Decimal+Extensions.swift */ = {isa = PBXFileReference; lastKnownFileType = sourcecode.swift; path = "Decimal+Extensions.swift"; sourceTree = "<group>"; };
		84D71A902B0B29E000FE27DD /* CurrencyFormatter.swift */ = {isa = PBXFileReference; lastKnownFileType = sourcecode.swift; path = CurrencyFormatter.swift; sourceTree = "<group>"; };
/* End PBXFileReference section */

/* Begin PBXFrameworksBuildPhase section */
		84A08D2B2B048E5600992F9E /* Frameworks */ = {
			isa = PBXFrameworksBuildPhase;
			buildActionMask = 2147483647;
			files = (
			);
			runOnlyForDeploymentPostprocessing = 0;
		};
		84CE6A352B0C5FC0006B6806 /* Frameworks */ = {
			isa = PBXFrameworksBuildPhase;
			buildActionMask = 2147483647;
			files = (
			);
			runOnlyForDeploymentPostprocessing = 0;
		};
/* End PBXFrameworksBuildPhase section */

/* Begin PBXGroup section */
		843949962B1D98E500F2C59B /* Utils */ = {
			isa = PBXGroup;
			children = (
				84CE6A412B0C60E2006B6806 /* CurrencyFormatterTests.swift */,
			);
			path = Utils;
			sourceTree = "<group>";
		};
		843949972B1D98ED00F2C59B /* AccountSummary */ = {
			isa = PBXGroup;
			children = (
				843949982B1D990E00F2C59B /* ProfileTests.swift */,
				8439499A2B1D9B5C00F2C59B /* AccountTests.swift */,
			);
			path = AccountSummary;
			sourceTree = "<group>";
		};
		848BA1EB2B0870B600A54832 /* Utils */ = {
			isa = PBXGroup;
			children = (
				848BA1EF2B08791500A54832 /* UIView+Extensions.swift */,
				848BA1EC2B0870CC00A54832 /* Factories.swift */,
				848BA1FA2B091CA300A54832 /* LocalState.swift */,
				848BA1FC2B09246B00A54832 /* ThemeColor.swift */,
				848BA1FE2B09BF0D00A54832 /* UIViewController+Extensions.swift */,
				84D71A8E2B0B297000FE27DD /* Decimal+Extensions.swift */,
				84D71A902B0B29E000FE27DD /* CurrencyFormatter.swift */,
				84CE6A432B0C693D006B6806 /* NSNotificationName.swift */,
				84CE6A452B0C6C82006B6806 /* UITextField+SecureToggle.swift */,
				842019102B1C4C6F007A8C9C /* Date+Extensions.swift */,
			);
			name = Utils;
			sourceTree = "<group>";
		};
		848BA1F12B08D2D600A54832 /* Login */ = {
			isa = PBXGroup;
			children = (
				84A08D352B048E5600992F9E /* LoginViewController.swift */,
				84A08D472B04927200992F9E /* LoginView.swift */,
			);
			name = Login;
			sourceTree = "<group>";
		};
		848BA1F22B08D2DF00A54832 /* OnBoarding */ = {
			isa = PBXGroup;
			children = (
				848BA1F32B08D2FA00A54832 /* OnBoardingContainerViewController.swift */,
				848BA1F52B09009C00A54832 /* OnBoardingViewController.swift */,
			);
			name = OnBoarding;
			sourceTree = "<group>";
		};
		848BA2022B09C9D600A54832 /* AccountSummary */ = {
			isa = PBXGroup;
			children = (
				848BA2032B09C9ED00A54832 /* AccountSummaryViewController.swift */,
				842019122B1C4D5B007A8C9C /* AccountSummaryViewController+Networking.swift */,
				84D71A8A2B0B168000FE27DD /* Header */,
				84D71A8B2B0B169300FE27DD /* Cells */,
			);
			name = AccountSummary;
			sourceTree = "<group>";
		};
		84A08D252B048E5600992F9E = {
			isa = PBXGroup;
			children = (
				84A08D302B048E5600992F9E /* Bankey */,
				84CE6A392B0C5FC0006B6806 /* BankeyUnitTests */,
				84A08D2F2B048E5600992F9E /* Products */,
			);
			sourceTree = "<group>";
		};
		84A08D2F2B048E5600992F9E /* Products */ = {
			isa = PBXGroup;
			children = (
				84A08D2E2B048E5600992F9E /* Bankey.app */,
				84CE6A382B0C5FC0006B6806 /* BankeyUnitTests.xctest */,
			);
			name = Products;
			sourceTree = "<group>";
		};
		84A08D302B048E5600992F9E /* Bankey */ = {
			isa = PBXGroup;
			children = (
				84A08D312B048E5600992F9E /* AppDelegate.swift */,
				848BA2002B09C0C500A54832 /* MainViewController.swift */,
				84A08D462B0491FF00992F9E /* ViewControllers */,
				848BA1EB2B0870B600A54832 /* Utils */,
				84CE6A472B0C77E9006B6806 /* Components */,
				84A08D452B0491D500992F9E /* Files */,
			);
			path = Bankey;
			sourceTree = "<group>";
		};
		84A08D452B0491D500992F9E /* Files */ = {
			isa = PBXGroup;
			children = (
				84A08D3A2B048E5900992F9E /* Assets.xcassets */,
				84A08D3C2B048E5900992F9E /* LaunchScreen.storyboard */,
				84A08D3F2B048E5900992F9E /* Info.plist */,
			);
			name = Files;
			sourceTree = "<group>";
		};
		84A08D462B0491FF00992F9E /* ViewControllers */ = {
			isa = PBXGroup;
			children = (
				848BA1F12B08D2D600A54832 /* Login */,
				848BA1F22B08D2DF00A54832 /* OnBoarding */,
				848BA2022B09C9D600A54832 /* AccountSummary */,
			);
			name = ViewControllers;
			sourceTree = "<group>";
		};
		84CE6A392B0C5FC0006B6806 /* BankeyUnitTests */ = {
			isa = PBXGroup;
			children = (
				843949972B1D98ED00F2C59B /* AccountSummary */,
				843949962B1D98E500F2C59B /* Utils */,
			);
			path = BankeyUnitTests;
			sourceTree = "<group>";
		};
		84CE6A472B0C77E9006B6806 /* Components */ = {
			isa = PBXGroup;
			children = (
				84CE6A482B0C781D006B6806 /* ShakeyBellView.swift */,
			);
			name = Components;
			sourceTree = "<group>";
		};
		84D71A8A2B0B168000FE27DD /* Header */ = {
			isa = PBXGroup;
			children = (
				848BA2052B09CE2100A54832 /* AccountSummaryHeaderView.swift */,
				848BA2072B09CE3B00A54832 /* AccountSummaryHeaderView.xib */,
			);
			name = Header;
			sourceTree = "<group>";
		};
		84D71A8B2B0B169300FE27DD /* Cells */ = {
			isa = PBXGroup;
			children = (
				84D71A8C2B0B181800FE27DD /* AccountSummaryCell.swift */,
			);
			name = Cells;
			sourceTree = "<group>";
		};
/* End PBXGroup section */

/* Begin PBXNativeTarget section */
		84A08D2D2B048E5600992F9E /* Bankey */ = {
			isa = PBXNativeTarget;
			buildConfigurationList = 84A08D422B048E5900992F9E /* Build configuration list for PBXNativeTarget "Bankey" */;
			buildPhases = (
				84A08D2A2B048E5600992F9E /* Sources */,
				84A08D2B2B048E5600992F9E /* Frameworks */,
				84A08D2C2B048E5600992F9E /* Resources */,
			);
			buildRules = (
			);
			dependencies = (
			);
			name = Bankey;
			productName = Bankey;
			productReference = 84A08D2E2B048E5600992F9E /* Bankey.app */;
			productType = "com.apple.product-type.application";
		};
		84CE6A372B0C5FC0006B6806 /* BankeyUnitTests */ = {
			isa = PBXNativeTarget;
			buildConfigurationList = 84CE6A402B0C5FC0006B6806 /* Build configuration list for PBXNativeTarget "BankeyUnitTests" */;
			buildPhases = (
				84CE6A342B0C5FC0006B6806 /* Sources */,
				84CE6A352B0C5FC0006B6806 /* Frameworks */,
				84CE6A362B0C5FC0006B6806 /* Resources */,
			);
			buildRules = (
			);
			dependencies = (
				84CE6A3D2B0C5FC0006B6806 /* PBXTargetDependency */,
			);
			name = BankeyUnitTests;
			productName = BankeyUnitTests;
			productReference = 84CE6A382B0C5FC0006B6806 /* BankeyUnitTests.xctest */;
			productType = "com.apple.product-type.bundle.unit-test";
		};
/* End PBXNativeTarget section */

/* Begin PBXProject section */
		84A08D262B048E5600992F9E /* Project object */ = {
			isa = PBXProject;
			attributes = {
				BuildIndependentTargetsInParallel = 1;
				LastSwiftUpdateCheck = 1500;
				LastUpgradeCheck = 1500;
				TargetAttributes = {
					84A08D2D2B048E5600992F9E = {
						CreatedOnToolsVersion = 15.0.1;
					};
					84CE6A372B0C5FC0006B6806 = {
						CreatedOnToolsVersion = 15.0.1;
						LastSwiftMigration = 1500;
						TestTargetID = 84A08D2D2B048E5600992F9E;
					};
				};
			};
			buildConfigurationList = 84A08D292B048E5600992F9E /* Build configuration list for PBXProject "Bankey" */;
			compatibilityVersion = "Xcode 14.0";
			developmentRegion = en;
			hasScannedForEncodings = 0;
			knownRegions = (
				en,
				Base,
			);
			mainGroup = 84A08D252B048E5600992F9E;
			productRefGroup = 84A08D2F2B048E5600992F9E /* Products */;
			projectDirPath = "";
			projectRoot = "";
			targets = (
				84A08D2D2B048E5600992F9E /* Bankey */,
				84CE6A372B0C5FC0006B6806 /* BankeyUnitTests */,
			);
		};
/* End PBXProject section */

/* Begin PBXResourcesBuildPhase section */
		84A08D2C2B048E5600992F9E /* Resources */ = {
			isa = PBXResourcesBuildPhase;
			buildActionMask = 2147483647;
			files = (
				848BA2082B09CE3B00A54832 /* AccountSummaryHeaderView.xib in Resources */,
				84A08D3E2B048E5900992F9E /* LaunchScreen.storyboard in Resources */,
				84A08D3B2B048E5900992F9E /* Assets.xcassets in Resources */,
			);
			runOnlyForDeploymentPostprocessing = 0;
		};
		84CE6A362B0C5FC0006B6806 /* Resources */ = {
			isa = PBXResourcesBuildPhase;
			buildActionMask = 2147483647;
			files = (
			);
			runOnlyForDeploymentPostprocessing = 0;
		};
/* End PBXResourcesBuildPhase section */

/* Begin PBXSourcesBuildPhase section */
		84A08D2A2B048E5600992F9E /* Sources */ = {
			isa = PBXSourcesBuildPhase;
			buildActionMask = 2147483647;
			files = (
				84A08D482B04927200992F9E /* LoginView.swift in Sources */,
				848BA1FB2B091CA300A54832 /* LocalState.swift in Sources */,
				842019112B1C4C6F007A8C9C /* Date+Extensions.swift in Sources */,
				84A08D362B048E5600992F9E /* LoginViewController.swift in Sources */,
				848BA2012B09C0C500A54832 /* MainViewController.swift in Sources */,
				848BA2042B09C9ED00A54832 /* AccountSummaryViewController.swift in Sources */,
				848BA1F62B09009C00A54832 /* OnBoardingViewController.swift in Sources */,
				84D71A8D2B0B181800FE27DD /* AccountSummaryCell.swift in Sources */,
				848BA1F02B08791500A54832 /* UIView+Extensions.swift in Sources */,
				848BA1F42B08D2FA00A54832 /* OnBoardingContainerViewController.swift in Sources */,
				848BA1FF2B09BF0D00A54832 /* UIViewController+Extensions.swift in Sources */,
				848BA1ED2B0870CC00A54832 /* Factories.swift in Sources */,
				848BA2062B09CE2100A54832 /* AccountSummaryHeaderView.swift in Sources */,
				84A08D322B048E5600992F9E /* AppDelegate.swift in Sources */,
				84D71A8F2B0B297000FE27DD /* Decimal+Extensions.swift in Sources */,
				84D71A912B0B29E000FE27DD /* CurrencyFormatter.swift in Sources */,
				842019132B1C4D5B007A8C9C /* AccountSummaryViewController+Networking.swift in Sources */,
				84CE6A442B0C693D006B6806 /* NSNotificationName.swift in Sources */,
				84CE6A462B0C6C82006B6806 /* UITextField+SecureToggle.swift in Sources */,
				84CE6A492B0C781D006B6806 /* ShakeyBellView.swift in Sources */,
				848BA1FD2B09246B00A54832 /* ThemeColor.swift in Sources */,
			);
			runOnlyForDeploymentPostprocessing = 0;
		};
		84CE6A342B0C5FC0006B6806 /* Sources */ = {
			isa = PBXSourcesBuildPhase;
			buildActionMask = 2147483647;
			files = (
				84CE6A422B0C60E2006B6806 /* CurrencyFormatterTests.swift in Sources */,
				8439499B2B1D9B5C00F2C59B /* AccountTests.swift in Sources */,
				843949992B1D990E00F2C59B /* ProfileTests.swift in Sources */,
			);
			runOnlyForDeploymentPostprocessing = 0;
		};
/* End PBXSourcesBuildPhase section */

/* Begin PBXTargetDependency section */
		84CE6A3D2B0C5FC0006B6806 /* PBXTargetDependency */ = {
			isa = PBXTargetDependency;
			target = 84A08D2D2B048E5600992F9E /* Bankey */;
			targetProxy = 84CE6A3C2B0C5FC0006B6806 /* PBXContainerItemProxy */;
		};
/* End PBXTargetDependency section */

/* Begin PBXVariantGroup section */
		84A08D3C2B048E5900992F9E /* LaunchScreen.storyboard */ = {
			isa = PBXVariantGroup;
			children = (
				84A08D3D2B048E5900992F9E /* Base */,
			);
			name = LaunchScreen.storyboard;
			sourceTree = "<group>";
		};
/* End PBXVariantGroup section */

/* Begin XCBuildConfiguration section */
		84A08D402B048E5900992F9E /* Debug */ = {
			isa = XCBuildConfiguration;
			buildSettings = {
				ALWAYS_SEARCH_USER_PATHS = NO;
				ASSETCATALOG_COMPILER_GENERATE_SWIFT_ASSET_SYMBOL_EXTENSIONS = YES;
				CLANG_ANALYZER_NONNULL = YES;
				CLANG_ANALYZER_NUMBER_OBJECT_CONVERSION = YES_AGGRESSIVE;
				CLANG_CXX_LANGUAGE_STANDARD = "gnu++20";
				CLANG_ENABLE_MODULES = YES;
				CLANG_ENABLE_OBJC_ARC = YES;
				CLANG_ENABLE_OBJC_WEAK = YES;
				CLANG_WARN_BLOCK_CAPTURE_AUTORELEASING = YES;
				CLANG_WARN_BOOL_CONVERSION = YES;
				CLANG_WARN_COMMA = YES;
				CLANG_WARN_CONSTANT_CONVERSION = YES;
				CLANG_WARN_DEPRECATED_OBJC_IMPLEMENTATIONS = YES;
				CLANG_WARN_DIRECT_OBJC_ISA_USAGE = YES_ERROR;
				CLANG_WARN_DOCUMENTATION_COMMENTS = YES;
				CLANG_WARN_EMPTY_BODY = YES;
				CLANG_WARN_ENUM_CONVERSION = YES;
				CLANG_WARN_INFINITE_RECURSION = YES;
				CLANG_WARN_INT_CONVERSION = YES;
				CLANG_WARN_NON_LITERAL_NULL_CONVERSION = YES;
				CLANG_WARN_OBJC_IMPLICIT_RETAIN_SELF = YES;
				CLANG_WARN_OBJC_LITERAL_CONVERSION = YES;
				CLANG_WARN_OBJC_ROOT_CLASS = YES_ERROR;
				CLANG_WARN_QUOTED_INCLUDE_IN_FRAMEWORK_HEADER = YES;
				CLANG_WARN_RANGE_LOOP_ANALYSIS = YES;
				CLANG_WARN_STRICT_PROTOTYPES = YES;
				CLANG_WARN_SUSPICIOUS_MOVE = YES;
				CLANG_WARN_UNGUARDED_AVAILABILITY = YES_AGGRESSIVE;
				CLANG_WARN_UNREACHABLE_CODE = YES;
				CLANG_WARN__DUPLICATE_METHOD_MATCH = YES;
				COPY_PHASE_STRIP = NO;
				DEBUG_INFORMATION_FORMAT = dwarf;
				ENABLE_STRICT_OBJC_MSGSEND = YES;
				ENABLE_TESTABILITY = YES;
				ENABLE_USER_SCRIPT_SANDBOXING = YES;
				GCC_C_LANGUAGE_STANDARD = gnu17;
				GCC_DYNAMIC_NO_PIC = NO;
				GCC_NO_COMMON_BLOCKS = YES;
				GCC_OPTIMIZATION_LEVEL = 0;
				GCC_PREPROCESSOR_DEFINITIONS = (
					"DEBUG=1",
					"$(inherited)",
				);
				GCC_WARN_64_TO_32_BIT_CONVERSION = YES;
				GCC_WARN_ABOUT_RETURN_TYPE = YES_ERROR;
				GCC_WARN_UNDECLARED_SELECTOR = YES;
				GCC_WARN_UNINITIALIZED_AUTOS = YES_AGGRESSIVE;
				GCC_WARN_UNUSED_FUNCTION = YES;
				GCC_WARN_UNUSED_VARIABLE = YES;
				IPHONEOS_DEPLOYMENT_TARGET = 15.6;
				LOCALIZATION_PREFERS_STRING_CATALOGS = YES;
				MTL_ENABLE_DEBUG_INFO = INCLUDE_SOURCE;
				MTL_FAST_MATH = YES;
				ONLY_ACTIVE_ARCH = YES;
				SDKROOT = iphoneos;
				SWIFT_ACTIVE_COMPILATION_CONDITIONS = "DEBUG $(inherited)";
				SWIFT_OPTIMIZATION_LEVEL = "-Onone";
			};
			name = Debug;
		};
		84A08D412B048E5900992F9E /* Release */ = {
			isa = XCBuildConfiguration;
			buildSettings = {
				ALWAYS_SEARCH_USER_PATHS = NO;
				ASSETCATALOG_COMPILER_GENERATE_SWIFT_ASSET_SYMBOL_EXTENSIONS = YES;
				CLANG_ANALYZER_NONNULL = YES;
				CLANG_ANALYZER_NUMBER_OBJECT_CONVERSION = YES_AGGRESSIVE;
				CLANG_CXX_LANGUAGE_STANDARD = "gnu++20";
				CLANG_ENABLE_MODULES = YES;
				CLANG_ENABLE_OBJC_ARC = YES;
				CLANG_ENABLE_OBJC_WEAK = YES;
				CLANG_WARN_BLOCK_CAPTURE_AUTORELEASING = YES;
				CLANG_WARN_BOOL_CONVERSION = YES;
				CLANG_WARN_COMMA = YES;
				CLANG_WARN_CONSTANT_CONVERSION = YES;
				CLANG_WARN_DEPRECATED_OBJC_IMPLEMENTATIONS = YES;
				CLANG_WARN_DIRECT_OBJC_ISA_USAGE = YES_ERROR;
				CLANG_WARN_DOCUMENTATION_COMMENTS = YES;
				CLANG_WARN_EMPTY_BODY = YES;
				CLANG_WARN_ENUM_CONVERSION = YES;
				CLANG_WARN_INFINITE_RECURSION = YES;
				CLANG_WARN_INT_CONVERSION = YES;
				CLANG_WARN_NON_LITERAL_NULL_CONVERSION = YES;
				CLANG_WARN_OBJC_IMPLICIT_RETAIN_SELF = YES;
				CLANG_WARN_OBJC_LITERAL_CONVERSION = YES;
				CLANG_WARN_OBJC_ROOT_CLASS = YES_ERROR;
				CLANG_WARN_QUOTED_INCLUDE_IN_FRAMEWORK_HEADER = YES;
				CLANG_WARN_RANGE_LOOP_ANALYSIS = YES;
				CLANG_WARN_STRICT_PROTOTYPES = YES;
				CLANG_WARN_SUSPICIOUS_MOVE = YES;
				CLANG_WARN_UNGUARDED_AVAILABILITY = YES_AGGRESSIVE;
				CLANG_WARN_UNREACHABLE_CODE = YES;
				CLANG_WARN__DUPLICATE_METHOD_MATCH = YES;
				COPY_PHASE_STRIP = NO;
				DEBUG_INFORMATION_FORMAT = "dwarf-with-dsym";
				ENABLE_NS_ASSERTIONS = NO;
				ENABLE_STRICT_OBJC_MSGSEND = YES;
				ENABLE_USER_SCRIPT_SANDBOXING = YES;
				GCC_C_LANGUAGE_STANDARD = gnu17;
				GCC_NO_COMMON_BLOCKS = YES;
				GCC_WARN_64_TO_32_BIT_CONVERSION = YES;
				GCC_WARN_ABOUT_RETURN_TYPE = YES_ERROR;
				GCC_WARN_UNDECLARED_SELECTOR = YES;
				GCC_WARN_UNINITIALIZED_AUTOS = YES_AGGRESSIVE;
				GCC_WARN_UNUSED_FUNCTION = YES;
				GCC_WARN_UNUSED_VARIABLE = YES;
				IPHONEOS_DEPLOYMENT_TARGET = 15.6;
				LOCALIZATION_PREFERS_STRING_CATALOGS = YES;
				MTL_ENABLE_DEBUG_INFO = NO;
				MTL_FAST_MATH = YES;
				SDKROOT = iphoneos;
				SWIFT_COMPILATION_MODE = wholemodule;
				VALIDATE_PRODUCT = YES;
			};
			name = Release;
		};
		84A08D432B048E5900992F9E /* Debug */ = {
			isa = XCBuildConfiguration;
			buildSettings = {
				ASSETCATALOG_COMPILER_APPICON_NAME = AppIcon;
				ASSETCATALOG_COMPILER_GLOBAL_ACCENT_COLOR_NAME = AccentColor;
				CODE_SIGN_STYLE = Automatic;
				CURRENT_PROJECT_VERSION = 1;
				DEVELOPMENT_TEAM = 548SPFR25M;
				GENERATE_INFOPLIST_FILE = YES;
				INFOPLIST_FILE = Bankey/Info.plist;
				INFOPLIST_KEY_UIApplicationSupportsIndirectInputEvents = YES;
				INFOPLIST_KEY_UILaunchStoryboardName = LaunchScreen;
				INFOPLIST_KEY_UISupportedInterfaceOrientations_iPad = "UIInterfaceOrientationPortrait UIInterfaceOrientationPortraitUpsideDown UIInterfaceOrientationLandscapeLeft UIInterfaceOrientationLandscapeRight";
				INFOPLIST_KEY_UISupportedInterfaceOrientations_iPhone = "UIInterfaceOrientationPortrait UIInterfaceOrientationLandscapeLeft UIInterfaceOrientationLandscapeRight";
				IPHONEOS_DEPLOYMENT_TARGET = 15.6;
				LD_RUNPATH_SEARCH_PATHS = (
					"$(inherited)",
					"@executable_path/Frameworks",
				);
				MARKETING_VERSION = 1.0;
				PRODUCT_BUNDLE_IDENTIFIER = com.nopa.bankey.Bankey;
				PRODUCT_NAME = "$(TARGET_NAME)";
				SWIFT_EMIT_LOC_STRINGS = YES;
				SWIFT_VERSION = 5.0;
				TARGETED_DEVICE_FAMILY = "1,2";
			};
			name = Debug;
		};
		84A08D442B048E5900992F9E /* Release */ = {
			isa = XCBuildConfiguration;
			buildSettings = {
				ASSETCATALOG_COMPILER_APPICON_NAME = AppIcon;
				ASSETCATALOG_COMPILER_GLOBAL_ACCENT_COLOR_NAME = AccentColor;
				CODE_SIGN_STYLE = Automatic;
				CURRENT_PROJECT_VERSION = 1;
				DEVELOPMENT_TEAM = 548SPFR25M;
				GENERATE_INFOPLIST_FILE = YES;
				INFOPLIST_FILE = Bankey/Info.plist;
				INFOPLIST_KEY_UIApplicationSupportsIndirectInputEvents = YES;
				INFOPLIST_KEY_UILaunchStoryboardName = LaunchScreen;
				INFOPLIST_KEY_UISupportedInterfaceOrientations_iPad = "UIInterfaceOrientationPortrait UIInterfaceOrientationPortraitUpsideDown UIInterfaceOrientationLandscapeLeft UIInterfaceOrientationLandscapeRight";
				INFOPLIST_KEY_UISupportedInterfaceOrientations_iPhone = "UIInterfaceOrientationPortrait UIInterfaceOrientationLandscapeLeft UIInterfaceOrientationLandscapeRight";
				IPHONEOS_DEPLOYMENT_TARGET = 15.6;
				LD_RUNPATH_SEARCH_PATHS = (
					"$(inherited)",
					"@executable_path/Frameworks",
				);
				MARKETING_VERSION = 1.0;
				PRODUCT_BUNDLE_IDENTIFIER = com.nopa.bankey.Bankey;
				PRODUCT_NAME = "$(TARGET_NAME)";
				SWIFT_EMIT_LOC_STRINGS = YES;
				SWIFT_VERSION = 5.0;
				TARGETED_DEVICE_FAMILY = "1,2";
			};
			name = Release;
		};
		84CE6A3E2B0C5FC0006B6806 /* Debug */ = {
			isa = XCBuildConfiguration;
			buildSettings = {
				BUNDLE_LOADER = "$(TEST_HOST)";
				CLANG_ENABLE_MODULES = YES;
				CODE_SIGN_STYLE = Automatic;
				CURRENT_PROJECT_VERSION = 1;
				DEVELOPMENT_TEAM = 548SPFR25M;
				GENERATE_INFOPLIST_FILE = YES;
				IPHONEOS_DEPLOYMENT_TARGET = 17.0;
				MARKETING_VERSION = 1.0;
				PRODUCT_BUNDLE_IDENTIFIER = com.nopa.bankey.BankeyUnitTests;
				PRODUCT_NAME = "$(TARGET_NAME)";
				SWIFT_EMIT_LOC_STRINGS = NO;
				SWIFT_OPTIMIZATION_LEVEL = "-Onone";
				SWIFT_VERSION = 5.0;
				TARGETED_DEVICE_FAMILY = "1,2";
				TEST_HOST = "$(BUILT_PRODUCTS_DIR)/Bankey.app/$(BUNDLE_EXECUTABLE_FOLDER_PATH)/Bankey";
			};
			name = Debug;
		};
		84CE6A3F2B0C5FC0006B6806 /* Release */ = {
			isa = XCBuildConfiguration;
			buildSettings = {
				BUNDLE_LOADER = "$(TEST_HOST)";
				CLANG_ENABLE_MODULES = YES;
				CODE_SIGN_STYLE = Automatic;
				CURRENT_PROJECT_VERSION = 1;
				DEVELOPMENT_TEAM = 548SPFR25M;
				GENERATE_INFOPLIST_FILE = YES;
				IPHONEOS_DEPLOYMENT_TARGET = 17.0;
				MARKETING_VERSION = 1.0;
				PRODUCT_BUNDLE_IDENTIFIER = com.nopa.bankey.BankeyUnitTests;
				PRODUCT_NAME = "$(TARGET_NAME)";
				SWIFT_EMIT_LOC_STRINGS = NO;
				SWIFT_VERSION = 5.0;
				TARGETED_DEVICE_FAMILY = "1,2";
				TEST_HOST = "$(BUILT_PRODUCTS_DIR)/Bankey.app/$(BUNDLE_EXECUTABLE_FOLDER_PATH)/Bankey";
			};
			name = Release;
		};
/* End XCBuildConfiguration section */

/* Begin XCConfigurationList section */
		84A08D292B048E5600992F9E /* Build configuration list for PBXProject "Bankey" */ = {
			isa = XCConfigurationList;
			buildConfigurations = (
				84A08D402B048E5900992F9E /* Debug */,
				84A08D412B048E5900992F9E /* Release */,
			);
			defaultConfigurationIsVisible = 0;
			defaultConfigurationName = Release;
		};
		84A08D422B048E5900992F9E /* Build configuration list for PBXNativeTarget "Bankey" */ = {
			isa = XCConfigurationList;
			buildConfigurations = (
				84A08D432B048E5900992F9E /* Debug */,
				84A08D442B048E5900992F9E /* Release */,
			);
			defaultConfigurationIsVisible = 0;
			defaultConfigurationName = Release;
		};
		84CE6A402B0C5FC0006B6806 /* Build configuration list for PBXNativeTarget "BankeyUnitTests" */ = {
			isa = XCConfigurationList;
			buildConfigurations = (
				84CE6A3E2B0C5FC0006B6806 /* Debug */,
				84CE6A3F2B0C5FC0006B6806 /* Release */,
			);
			defaultConfigurationIsVisible = 0;
			defaultConfigurationName = Release;
		};
/* End XCConfigurationList section */
	};
	rootObject = 84A08D262B048E5600992F9E /* Project object */;
}
